
Microsoft Visual Studio Solution File, Format Version 12.00
# Visual Studio 15
VisualStudioVersion = 15.0.28307.329
MinimumVisualStudioVersion = 10.0.40219.1
Project("{FAE04EC0-301F-11D3-BF4B-00C04F79EFBC}") = "Calculator v.1", "Calculator v.1\Calculator v.1.csproj", "{B8764A17-26E5-4A26-80CD-518BFA6DC607}"
EndProject
Project("{FAE04EC0-301F-11D3-BF4B-00C04F79EFBC}") = "CalcMethod", "CalcMethod\CalcMethod.csproj", "{318118F5-0C0A-42A0-B00F-37C2748DA0DC}"
EndProject
Global
	GlobalSection(SolutionConfigurationPlatforms) = preSolution
		Debug|Any CPU = Debug|Any CPU
		Release|Any CPU = Release|Any CPU
	EndGlobalSection
	GlobalSection(ProjectConfigurationPlatforms) = postSolution
		{B8764A17-26E5-4A26-80CD-518BFA6DC607}.Debug|Any CPU.ActiveCfg = Debug|Any CPU
		{B8764A17-26E5-4A26-80CD-518BFA6DC607}.Debug|Any CPU.Build.0 = Debug|Any CPU
		{B8764A17-26E5-4A26-80CD-518BFA6DC607}.Release|Any CPU.ActiveCfg = Release|Any CPU
		{B8764A17-26E5-4A26-80CD-518BFA6DC607}.Release|Any CPU.Build.0 = Release|Any CPU
		{318118F5-0C0A-42A0-B00F-37C2748DA0DC}.Debug|Any CPU.ActiveCfg = Debug|Any CPU
		{318118F5-0C0A-42A0-B00F-37C2748DA0DC}.Debug|Any CPU.Build.0 = Debug|Any CPU
		{318118F5-0C0A-42A0-B00F-37C2748DA0DC}.Release|Any CPU.ActiveCfg = Release|Any CPU
		{318118F5-0C0A-42A0-B00F-37C2748DA0DC}.Release|Any CPU.Build.0 = Release|Any CPU
	EndGlobalSection
	GlobalSection(SolutionProperties) = preSolution
		HideSolutionNode = FALSE
	EndGlobalSection
	GlobalSection(ExtensibilityGlobals) = postSolution
		SolutionGuid = {5464E6F5-AC5E-4DC4-BEBD-543682421232}
	EndGlobalSection
EndGlobal
